// !$*UTF8*$!
{
	archiveVersion = 1;
	classes = {
	};
	objectVersion = 46;
	objects = {

/* Begin PBXBuildFile section */
		57270BB91AE615A700AAE3F2 /* AppDelegate.swift in Sources */ = {isa = PBXBuildFile; fileRef = 57270BB81AE615A700AAE3F2 /* AppDelegate.swift */; };
		57270BBE1AE615A700AAE3F2 /* Main.storyboard in Resources */ = {isa = PBXBuildFile; fileRef = 57270BBC1AE615A700AAE3F2 /* Main.storyboard */; };
		57270BC01AE615A700AAE3F2 /* Images.xcassets in Resources */ = {isa = PBXBuildFile; fileRef = 57270BBF1AE615A700AAE3F2 /* Images.xcassets */; };
		57270BC31AE615A700AAE3F2 /* LaunchScreen.xib in Resources */ = {isa = PBXBuildFile; fileRef = 57270BC11AE615A700AAE3F2 /* LaunchScreen.xib */; };
		57270BCF1AE615A700AAE3F2 /* MetalGameDevTests.swift in Sources */ = {isa = PBXBuildFile; fileRef = 57270BCE1AE615A700AAE3F2 /* MetalGameDevTests.swift */; };
		57270BD91AE615D200AAE3F2 /* MetalGameViewController.swift in Sources */ = {isa = PBXBuildFile; fileRef = 57270BD81AE615D200AAE3F2 /* MetalGameViewController.swift */; };
		57270BDB1AE615FB00AAE3F2 /* MetalGameScene.swift in Sources */ = {isa = PBXBuildFile; fileRef = 57270BDA1AE615FB00AAE3F2 /* MetalGameScene.swift */; };
		57270BDD1AE6162D00AAE3F2 /* MetalGamePlayer.swift in Sources */ = {isa = PBXBuildFile; fileRef = 57270BDC1AE6162D00AAE3F2 /* MetalGamePlayer.swift */; };
		57270BDF1AE6164600AAE3F2 /* MetalActor.swift in Sources */ = {isa = PBXBuildFile; fileRef = 57270BDE1AE6164600AAE3F2 /* MetalActor.swift */; };
		57270BE11AE6165E00AAE3F2 /* MetalMesh.swift in Sources */ = {isa = PBXBuildFile; fileRef = 57270BE01AE6165E00AAE3F2 /* MetalMesh.swift */; };
		57270BE31AE6166E00AAE3F2 /* MetalAnimationController.swift in Sources */ = {isa = PBXBuildFile; fileRef = 57270BE21AE6166E00AAE3F2 /* MetalAnimationController.swift */; };
		57270BE51AE6167500AAE3F2 /* Math.swift in Sources */ = {isa = PBXBuildFile; fileRef = 57270BE41AE6167500AAE3F2 /* Math.swift */; };
		57270BE71AE6167F00AAE3F2 /* MTLUniform.swift in Sources */ = {isa = PBXBuildFile; fileRef = 57270BE61AE6167F00AAE3F2 /* MTLUniform.swift */; };
		57270BE91AE616DF00AAE3F2 /* Asset.swift in Sources */ = {isa = PBXBuildFile; fileRef = 57270BE81AE616DF00AAE3F2 /* Asset.swift */; };
		5735C9E41AE62BDC00703391 /* shader.metal in Sources */ = {isa = PBXBuildFile; fileRef = 5735C9E31AE62BDC00703391 /* shader.metal */; };
		577EE6F51AE617D200BE78F4 /* MTLCamera.swift in Sources */ = {isa = PBXBuildFile; fileRef = 577EE6F41AE617D200BE78F4 /* MTLCamera.swift */; };
		5797B5251AE6B65A0051A2B4 /* animation1.json in Resources */ = {isa = PBXBuildFile; fileRef = 5797B5241AE6B65A0051A2B4 /* animation1.json */; };
		57C1E2AD1AE6A4E300BCD75A /* animation.json in Resources */ = {isa = PBXBuildFile; fileRef = 57C1E2AC1AE6A4E300BCD75A /* animation.json */; };
/* End PBXBuildFile section */

/* Begin PBXContainerItemProxy section */
		57270BC91AE615A700AAE3F2 /* PBXContainerItemProxy */ = {
			isa = PBXContainerItemProxy;
			containerPortal = 57270BAB1AE615A700AAE3F2 /* Project object */;
			proxyType = 1;
			remoteGlobalIDString = 57270BB21AE615A700AAE3F2;
			remoteInfo = MetalGameDev;
		};
/* End PBXContainerItemProxy section */

/* Begin PBXFileReference section */
		57270BB31AE615A700AAE3F2 /* MetalGameDev.app */ = {isa = PBXFileReference; explicitFileType = wrapper.application; includeInIndex = 0; path = MetalGameDev.app; sourceTree = BUILT_PRODUCTS_DIR; };
		57270BB71AE615A700AAE3F2 /* Info.plist */ = {isa = PBXFileReference; lastKnownFileType = text.plist.xml; path = Info.plist; sourceTree = "<group>"; };
		57270BB81AE615A700AAE3F2 /* AppDelegate.swift */ = {isa = PBXFileReference; lastKnownFileType = sourcecode.swift; path = AppDelegate.swift; sourceTree = "<group>"; };
		57270BBD1AE615A700AAE3F2 /* Base */ = {isa = PBXFileReference; lastKnownFileType = file.storyboard; name = Base; path = Base.lproj/Main.storyboard; sourceTree = "<group>"; };
		57270BBF1AE615A700AAE3F2 /* Images.xcassets */ = {isa = PBXFileReference; lastKnownFileType = folder.assetcatalog; path = Images.xcassets; sourceTree = "<group>"; };
		57270BC21AE615A700AAE3F2 /* Base */ = {isa = PBXFileReference; lastKnownFileType = file.xib; name = Base; path = Base.lproj/LaunchScreen.xib; sourceTree = "<group>"; };
		57270BC81AE615A700AAE3F2 /* MetalGameDevTests.xctest */ = {isa = PBXFileReference; explicitFileType = wrapper.cfbundle; includeInIndex = 0; path = MetalGameDevTests.xctest; sourceTree = BUILT_PRODUCTS_DIR; };
		57270BCD1AE615A700AAE3F2 /* Info.plist */ = {isa = PBXFileReference; lastKnownFileType = text.plist.xml; path = Info.plist; sourceTree = "<group>"; };
		57270BCE1AE615A700AAE3F2 /* MetalGameDevTests.swift */ = {isa = PBXFileReference; lastKnownFileType = sourcecode.swift; path = MetalGameDevTests.swift; sourceTree = "<group>"; };
		57270BD81AE615D200AAE3F2 /* MetalGameViewController.swift */ = {isa = PBXFileReference; fileEncoding = 4; lastKnownFileType = sourcecode.swift; path = MetalGameViewController.swift; sourceTree = "<group>"; };
		57270BDA1AE615FB00AAE3F2 /* MetalGameScene.swift */ = {isa = PBXFileReference; fileEncoding = 4; lastKnownFileType = sourcecode.swift; path = MetalGameScene.swift; sourceTree = "<group>"; };
		57270BDC1AE6162D00AAE3F2 /* MetalGamePlayer.swift */ = {isa = PBXFileReference; fileEncoding = 4; lastKnownFileType = sourcecode.swift; path = MetalGamePlayer.swift; sourceTree = "<group>"; };
		57270BDE1AE6164600AAE3F2 /* MetalActor.swift */ = {isa = PBXFileReference; fileEncoding = 4; lastKnownFileType = sourcecode.swift; path = MetalActor.swift; sourceTree = "<group>"; };
		57270BE01AE6165E00AAE3F2 /* MetalMesh.swift */ = {isa = PBXFileReference; fileEncoding = 4; lastKnownFileType = sourcecode.swift; path = MetalMesh.swift; sourceTree = "<group>"; };
		57270BE21AE6166E00AAE3F2 /* MetalAnimationController.swift */ = {isa = PBXFileReference; fileEncoding = 4; lastKnownFileType = sourcecode.swift; path = MetalAnimationController.swift; sourceTree = "<group>"; };
		57270BE41AE6167500AAE3F2 /* Math.swift */ = {isa = PBXFileReference; fileEncoding = 4; lastKnownFileType = sourcecode.swift; path = Math.swift; sourceTree = "<group>"; };
		57270BE61AE6167F00AAE3F2 /* MTLUniform.swift */ = {isa = PBXFileReference; fileEncoding = 4; lastKnownFileType = sourcecode.swift; path = MTLUniform.swift; sourceTree = "<group>"; };
		57270BE81AE616DF00AAE3F2 /* Asset.swift */ = {isa = PBXFileReference; fileEncoding = 4; lastKnownFileType = sourcecode.swift; path = Asset.swift; sourceTree = "<group>"; };
		5735C9E31AE62BDC00703391 /* shader.metal */ = {isa = PBXFileReference; fileEncoding = 4; lastKnownFileType = sourcecode.metal; path = shader.metal; sourceTree = "<group>"; };
		577EE6F41AE617D200BE78F4 /* MTLCamera.swift */ = {isa = PBXFileReference; fileEncoding = 4; lastKnownFileType = sourcecode.swift; path = MTLCamera.swift; sourceTree = "<group>"; };
		577EE6F61AE618A400BE78F4 /* MetalGameDev-Bridging-Header.h */ = {isa = PBXFileReference; lastKnownFileType = sourcecode.c.h; path = "MetalGameDev-Bridging-Header.h"; sourceTree = "<group>"; };
		5797B5241AE6B65A0051A2B4 /* animation1.json */ = {isa = PBXFileReference; fileEncoding = 4; lastKnownFileType = text.json; path = animation1.json; sourceTree = "<group>"; };
		57C1E2AC1AE6A4E300BCD75A /* animation.json */ = {isa = PBXFileReference; fileEncoding = 4; lastKnownFileType = text.json; path = animation.json; sourceTree = "<group>"; };
/* End PBXFileReference section */

/* Begin PBXFrameworksBuildPhase section */
		57270BB01AE615A700AAE3F2 /* Frameworks */ = {
			isa = PBXFrameworksBuildPhase;
			buildActionMask = 2147483647;
			files = (
			);
			runOnlyForDeploymentPostprocessing = 0;
		};
		57270BC51AE615A700AAE3F2 /* Frameworks */ = {
			isa = PBXFrameworksBuildPhase;
			buildActionMask = 2147483647;
			files = (
			);
			runOnlyForDeploymentPostprocessing = 0;
		};
/* End PBXFrameworksBuildPhase section */

/* Begin PBXGroup section */
		57270BAA1AE615A700AAE3F2 = {
			isa = PBXGroup;
			children = (
				57270BB51AE615A700AAE3F2 /* MetalGameDev */,
				57270BCB1AE615A700AAE3F2 /* MetalGameDevTests */,
				57270BB41AE615A700AAE3F2 /* Products */,
			);
			sourceTree = "<group>";
		};
		57270BB41AE615A700AAE3F2 /* Products */ = {
			isa = PBXGroup;
			children = (
				57270BB31AE615A700AAE3F2 /* MetalGameDev.app */,
				57270BC81AE615A700AAE3F2 /* MetalGameDevTests.xctest */,
			);
			name = Products;
			sourceTree = "<group>";
		};
		57270BB51AE615A700AAE3F2 /* MetalGameDev */ = {
			isa = PBXGroup;
			children = (
				57270BB81AE615A700AAE3F2 /* AppDelegate.swift */,
				57270BD81AE615D200AAE3F2 /* MetalGameViewController.swift */,
				57270BDA1AE615FB00AAE3F2 /* MetalGameScene.swift */,
				57270BDC1AE6162D00AAE3F2 /* MetalGamePlayer.swift */,
				57270BDE1AE6164600AAE3F2 /* MetalActor.swift */,
				57270BE01AE6165E00AAE3F2 /* MetalMesh.swift */,
				577EE6F41AE617D200BE78F4 /* MTLCamera.swift */,
				57270BE21AE6166E00AAE3F2 /* MetalAnimationController.swift */,
				57270BE81AE616DF00AAE3F2 /* Asset.swift */,
				57270BE41AE6167500AAE3F2 /* Math.swift */,
				57270BE61AE6167F00AAE3F2 /* MTLUniform.swift */,
				57C1E2AC1AE6A4E300BCD75A /* animation.json */,
				5797B5241AE6B65A0051A2B4 /* animation1.json */,
				5735C9E31AE62BDC00703391 /* shader.metal */,
				57270BBC1AE615A700AAE3F2 /* Main.storyboard */,
				57270BBF1AE615A700AAE3F2 /* Images.xcassets */,
				57270BC11AE615A700AAE3F2 /* LaunchScreen.xib */,
				57270BB61AE615A700AAE3F2 /* Supporting Files */,
				577EE6F61AE618A400BE78F4 /* MetalGameDev-Bridging-Header.h */,
			);
			path = MetalGameDev;
			sourceTree = "<group>";
		};
		57270BB61AE615A700AAE3F2 /* Supporting Files */ = {
			isa = PBXGroup;
			children = (
				57270BB71AE615A700AAE3F2 /* Info.plist */,
			);
			name = "Supporting Files";
			sourceTree = "<group>";
		};
		57270BCB1AE615A700AAE3F2 /* MetalGameDevTests */ = {
			isa = PBXGroup;
			children = (
				57270BCE1AE615A700AAE3F2 /* MetalGameDevTests.swift */,
				57270BCC1AE615A700AAE3F2 /* Supporting Files */,
			);
			path = MetalGameDevTests;
			sourceTree = "<group>";
		};
		57270BCC1AE615A700AAE3F2 /* Supporting Files */ = {
			isa = PBXGroup;
			children = (
				57270BCD1AE615A700AAE3F2 /* Info.plist */,
			);
			name = "Supporting Files";
			sourceTree = "<group>";
		};
/* End PBXGroup section */

/* Begin PBXNativeTarget section */
		57270BB21AE615A700AAE3F2 /* MetalGameDev */ = {
			isa = PBXNativeTarget;
			buildConfigurationList = 57270BD21AE615A700AAE3F2 /* Build configuration list for PBXNativeTarget "MetalGameDev" */;
			buildPhases = (
				57270BAF1AE615A700AAE3F2 /* Sources */,
				57270BB01AE615A700AAE3F2 /* Frameworks */,
				57270BB11AE615A700AAE3F2 /* Resources */,
			);
			buildRules = (
			);
			dependencies = (
			);
			name = MetalGameDev;
			productName = MetalGameDev;
			productReference = 57270BB31AE615A700AAE3F2 /* MetalGameDev.app */;
			productType = "com.apple.product-type.application";
		};
		57270BC71AE615A700AAE3F2 /* MetalGameDevTests */ = {
			isa = PBXNativeTarget;
			buildConfigurationList = 57270BD51AE615A700AAE3F2 /* Build configuration list for PBXNativeTarget "MetalGameDevTests" */;
			buildPhases = (
				57270BC41AE615A700AAE3F2 /* Sources */,
				57270BC51AE615A700AAE3F2 /* Frameworks */,
				57270BC61AE615A700AAE3F2 /* Resources */,
			);
			buildRules = (
			);
			dependencies = (
				57270BCA1AE615A700AAE3F2 /* PBXTargetDependency */,
			);
			name = MetalGameDevTests;
			productName = MetalGameDevTests;
			productReference = 57270BC81AE615A700AAE3F2 /* MetalGameDevTests.xctest */;
			productType = "com.apple.product-type.bundle.unit-test";
		};
/* End PBXNativeTarget section */

/* Begin PBXProject section */
		57270BAB1AE615A700AAE3F2 /* Project object */ = {
			isa = PBXProject;
			attributes = {
				LastUpgradeCheck = 0630;
				ORGANIZATIONNAME = YiLi;
				TargetAttributes = {
					57270BB21AE615A700AAE3F2 = {
						CreatedOnToolsVersion = 6.3;
						DevelopmentTeam = 83EVZ4D33U;
					};
					57270BC71AE615A700AAE3F2 = {
						CreatedOnToolsVersion = 6.3;
						TestTargetID = 57270BB21AE615A700AAE3F2;
					};
				};
			};
			buildConfigurationList = 57270BAE1AE615A700AAE3F2 /* Build configuration list for PBXProject "MetalGameDev" */;
			compatibilityVersion = "Xcode 3.2";
			developmentRegion = English;
			hasScannedForEncodings = 0;
			knownRegions = (
				en,
				Base,
			);
			mainGroup = 57270BAA1AE615A700AAE3F2;
			productRefGroup = 57270BB41AE615A700AAE3F2 /* Products */;
			projectDirPath = "";
			projectRoot = "";
			targets = (
				57270BB21AE615A700AAE3F2 /* MetalGameDev */,
				57270BC71AE615A700AAE3F2 /* MetalGameDevTests */,
			);
		};
/* End PBXProject section */

/* Begin PBXResourcesBuildPhase section */
		57270BB11AE615A700AAE3F2 /* Resources */ = {
			isa = PBXResourcesBuildPhase;
			buildActionMask = 2147483647;
			files = (
				57270BBE1AE615A700AAE3F2 /* Main.storyboard in Resources */,
				5797B5251AE6B65A0051A2B4 /* animation1.json in Resources */,
				57270BC31AE615A700AAE3F2 /* LaunchScreen.xib in Resources */,
				57C1E2AD1AE6A4E300BCD75A /* animation.json in Resources */,
				57270BC01AE615A700AAE3F2 /* Images.xcassets in Resources */,
			);
			runOnlyForDeploymentPostprocessing = 0;
		};
		57270BC61AE615A700AAE3F2 /* Resources */ = {
			isa = PBXResourcesBuildPhase;
			buildActionMask = 2147483647;
			files = (
			);
			runOnlyForDeploymentPostprocessing = 0;
		};
/* End PBXResourcesBuildPhase section */

/* Begin PBXSourcesBuildPhase section */
		57270BAF1AE615A700AAE3F2 /* Sources */ = {
			isa = PBXSourcesBuildPhase;
			buildActionMask = 2147483647;
			files = (
				57270BD91AE615D200AAE3F2 /* MetalGameViewController.swift in Sources */,
				57270BB91AE615A700AAE3F2 /* AppDelegate.swift in Sources */,
				57270BE91AE616DF00AAE3F2 /* Asset.swift in Sources */,
				57270BE31AE6166E00AAE3F2 /* MetalAnimationController.swift in Sources */,
				5735C9E41AE62BDC00703391 /* shader.metal in Sources */,
				57270BE11AE6165E00AAE3F2 /* MetalMesh.swift in Sources */,
				57270BE71AE6167F00AAE3F2 /* MTLUniform.swift in Sources */,
				57270BDD1AE6162D00AAE3F2 /* MetalGamePlayer.swift in Sources */,
				577EE6F51AE617D200BE78F4 /* MTLCamera.swift in Sources */,
				57270BDF1AE6164600AAE3F2 /* MetalActor.swift in Sources */,
				57270BDB1AE615FB00AAE3F2 /* MetalGameScene.swift in Sources */,
				57270BE51AE6167500AAE3F2 /* Math.swift in Sources */,
			);
			runOnlyForDeploymentPostprocessing = 0;
		};
		57270BC41AE615A700AAE3F2 /* Sources */ = {
			isa = PBXSourcesBuildPhase;
			buildActionMask = 2147483647;
			files = (
				57270BCF1AE615A700AAE3F2 /* MetalGameDevTests.swift in Sources */,
			);
			runOnlyForDeploymentPostprocessing = 0;
		};
/* End PBXSourcesBuildPhase section */

/* Begin PBXTargetDependency section */
		57270BCA1AE615A700AAE3F2 /* PBXTargetDependency */ = {
			isa = PBXTargetDependency;
			target = 57270BB21AE615A700AAE3F2 /* MetalGameDev */;
			targetProxy = 57270BC91AE615A700AAE3F2 /* PBXContainerItemProxy */;
		};
/* End PBXTargetDependency section */

/* Begin PBXVariantGroup section */
		57270BBC1AE615A700AAE3F2 /* Main.storyboard */ = {
			isa = PBXVariantGroup;
			children = (
				57270BBD1AE615A700AAE3F2 /* Base */,
			);
			name = Main.storyboard;
			sourceTree = "<group>";
		};
		57270BC11AE615A700AAE3F2 /* LaunchScreen.xib */ = {
			isa = PBXVariantGroup;
			children = (
				57270BC21AE615A700AAE3F2 /* Base */,
			);
			name = LaunchScreen.xib;
			sourceTree = "<group>";
		};
/* End PBXVariantGroup section */

/* Begin XCBuildConfiguration section */
		57270BD01AE615A700AAE3F2 /* Debug */ = {
			isa = XCBuildConfiguration;
			buildSettings = {
				ALWAYS_SEARCH_USER_PATHS = NO;
				CLANG_CXX_LANGUAGE_STANDARD = "gnu++0x";
				CLANG_CXX_LIBRARY = "libc++";
				CLANG_ENABLE_MODULES = YES;
				CLANG_ENABLE_OBJC_ARC = YES;
				CLANG_WARN_BOOL_CONVERSION = YES;
				CLANG_WARN_CONSTANT_CONVERSION = YES;
				CLANG_WARN_DIRECT_OBJC_ISA_USAGE = YES_ERROR;
				CLANG_WARN_EMPTY_BODY = YES;
				CLANG_WARN_ENUM_CONVERSION = YES;
				CLANG_WARN_INT_CONVERSION = YES;
				CLANG_WARN_OBJC_ROOT_CLASS = YES_ERROR;
				CLANG_WARN_UNREACHABLE_CODE = YES;
				CLANG_WARN__DUPLICATE_METHOD_MATCH = YES;
				"CODE_SIGN_IDENTITY[sdk=iphoneos*]" = "iPhone Developer";
				COPY_PHASE_STRIP = NO;
				DEBUG_INFORMATION_FORMAT = "dwarf-with-dsym";
				ENABLE_STRICT_OBJC_MSGSEND = YES;
				GCC_C_LANGUAGE_STANDARD = gnu99;
				GCC_DYNAMIC_NO_PIC = NO;
				GCC_NO_COMMON_BLOCKS = YES;
				GCC_OPTIMIZATION_LEVEL = 0;
				GCC_PREPROCESSOR_DEFINITIONS = (
					"DEBUG=1",
					"$(inherited)",
				);
				GCC_SYMBOLS_PRIVATE_EXTERN = NO;
				GCC_WARN_64_TO_32_BIT_CONVERSION = YES;
				GCC_WARN_ABOUT_RETURN_TYPE = YES_ERROR;
				GCC_WARN_UNDECLARED_SELECTOR = YES;
				GCC_WARN_UNINITIALIZED_AUTOS = YES_AGGRESSIVE;
				GCC_WARN_UNUSED_FUNCTION = YES;
				GCC_WARN_UNUSED_VARIABLE = YES;
				IPHONEOS_DEPLOYMENT_TARGET = 8.3;
				MTL_ENABLE_DEBUG_INFO = YES;
				ONLY_ACTIVE_ARCH = YES;
				SDKROOT = iphoneos;
				SWIFT_OPTIMIZATION_LEVEL = "-Onone";
				TARGETED_DEVICE_FAMILY = "1,2";
			};
			name = Debug;
		};
		57270BD11AE615A700AAE3F2 /* Release */ = {
			isa = XCBuildConfiguration;
			buildSettings = {
				ALWAYS_SEARCH_USER_PATHS = NO;
				CLANG_CXX_LANGUAGE_STANDARD = "gnu++0x";
				CLANG_CXX_LIBRARY = "libc++";
				CLANG_ENABLE_MODULES = YES;
				CLANG_ENABLE_OBJC_ARC = YES;
				CLANG_WARN_BOOL_CONVERSION = YES;
				CLANG_WARN_CONSTANT_CONVERSION = YES;
				CLANG_WARN_DIRECT_OBJC_ISA_USAGE = YES_ERROR;
				CLANG_WARN_EMPTY_BODY = YES;
				CLANG_WARN_ENUM_CONVERSION = YES;
				CLANG_WARN_INT_CONVERSION = YES;
				CLANG_WARN_OBJC_ROOT_CLASS = YES_ERROR;
				CLANG_WARN_UNREACHABLE_CODE = YES;
				CLANG_WARN__DUPLICATE_METHOD_MATCH = YES;
				"CODE_SIGN_IDENTITY[sdk=iphoneos*]" = "iPhone Developer";
				COPY_PHASE_STRIP = NO;
				DEBUG_INFORMATION_FORMAT = "dwarf-with-dsym";
				ENABLE_NS_ASSERTIONS = NO;
				ENABLE_STRICT_OBJC_MSGSEND = YES;
				GCC_C_LANGUAGE_STANDARD = gnu99;
				GCC_NO_COMMON_BLOCKS = YES;
				GCC_WARN_64_TO_32_BIT_CONVERSION = YES;
				GCC_WARN_ABOUT_RETURN_TYPE = YES_ERROR;
				GCC_WARN_UNDECLARED_SELECTOR = YES;
				GCC_WARN_UNINITIALIZED_AUTOS = YES_AGGRESSIVE;
				GCC_WARN_UNUSED_FUNCTION = YES;
				GCC_WARN_UNUSED_VARIABLE = YES;
				IPHONEOS_DEPLOYMENT_TARGET = 8.3;
				MTL_ENABLE_DEBUG_INFO = NO;
				SDKROOT = iphoneos;
				TARGETED_DEVICE_FAMILY = "1,2";
				VALIDATE_PRODUCT = YES;
			};
			name = Release;
		};
		57270BD31AE615A700AAE3F2 /* Debug */ = {
			isa = XCBuildConfiguration;
			buildSettings = {
				ASSETCATALOG_COMPILER_APPICON_NAME = AppIcon;
				CLANG_CXX_LANGUAGE_STANDARD = "gnu++0x";
				CLANG_CXX_LIBRARY = "libc++";
				CLANG_ENABLE_MODULES = YES;
				CODE_SIGN_IDENTITY = "iPhone Developer";
				INFOPLIST_FILE = MetalGameDev/Info.plist;
				IPHONEOS_DEPLOYMENT_TARGET = 8.1;
				LD_RUNPATH_SEARCH_PATHS = "$(inherited) @executable_path/Frameworks";
				PRODUCT_NAME = "$(TARGET_NAME)";
				SWIFT_OBJC_BRIDGING_HEADER = "MetalGameDev/MetalGameDev-Bridging-Header.h";
				SWIFT_OPTIMIZATION_LEVEL = "-Ounchecked";
			};
			name = Debug;
		};
		57270BD41AE615A700AAE3F2 /* Release */ = {
			isa = XCBuildConfiguration;
			buildSettings = {
				ASSETCATALOG_COMPILER_APPICON_NAME = AppIcon;
				CLANG_CXX_LANGUAGE_STANDARD = "gnu++0x";
				CLANG_CXX_LIBRARY = "libc++";
				CLANG_ENABLE_MODULES = YES;
				CODE_SIGN_IDENTITY = "iPhone Developer";
				INFOPLIST_FILE = MetalGameDev/Info.plist;
				IPHONEOS_DEPLOYMENT_TARGET = 8.1;
				LD_RUNPATH_SEARCH_PATHS = "$(inherited) @executable_path/Frameworks";
				PRODUCT_NAME = "$(TARGET_NAME)";
				SWIFT_OBJC_BRIDGING_HEADER = "MetalGameDev/MetalGameDev-Bridging-Header.h";
			};
			name = Release;
		};
		57270BD61AE615A700AAE3F2 /* Debug */ = {
			isa = XCBuildConfiguration;
			buildSettings = {
				BUNDLE_LOADER = "$(TEST_HOST)";
				FRAMEWORK_SEARCH_PATHS = (
					"$(SDKROOT)/Developer/Library/Frameworks",
					"$(inherited)",
				);
				GCC_PREPROCESSOR_DEFINITIONS = (
					"DEBUG=1",
					"$(inherited)",
				);
				INFOPLIST_FILE = MetalGameDevTests/Info.plist;
				LD_RUNPATH_SEARCH_PATHS = "$(inherited) @executable_path/Frameworks @loader_path/Frameworks";
				PRODUCT_NAME = "$(TARGET_NAME)";
				TEST_HOST = "$(BUILT_PRODUCTS_DIR)/MetalGameDev.app/MetalGameDev";
			};
			name = Debug;
		};
		57270BD71AE615A700AAE3F2 /* Release */ = {
			isa = XCBuildConfiguration;
			buildSettings = {
				BUNDLE_LOADER = "$(TEST_HOST)";
				FRAMEWORK_SEARCH_PATHS = (
					"$(SDKROOT)/Developer/Library/Frameworks",
					"$(inherited)",
				);
				INFOPLIST_FILE = MetalGameDevTests/Info.plist;
				LD_RUNPATH_SEARCH_PATHS = "$(inherited) @executable_path/Frameworks @loader_path/Frameworks";
				PRODUCT_NAME = "$(TARGET_NAME)";
				TEST_HOST = "$(BUILT_PRODUCTS_DIR)/MetalGameDev.app/MetalGameDev";
			};
			name = Release;
		};
/* End XCBuildConfiguration section */

/* Begin XCConfigurationList section */
		57270BAE1AE615A700AAE3F2 /* Build configuration list for PBXProject "MetalGameDev" */ = {
			isa = XCConfigurationList;
			buildConfigurations = (
				57270BD01AE615A700AAE3F2 /* Debug */,
				57270BD11AE615A700AAE3F2 /* Release */,
			);
			defaultConfigurationIsVisible = 0;
			defaultConfigurationName = Release;
		};
		57270BD21AE615A700AAE3F2 /* Build configuration list for PBXNativeTarget "MetalGameDev" */ = {
			isa = XCConfigurationList;
			buildConfigurations = (
				57270BD31AE615A700AAE3F2 /* Debug */,
				57270BD41AE615A700AAE3F2 /* Release */,
			);
			defaultConfigurationIsVisible = 0;
			defaultConfigurationName = Release;
		};
		57270BD51AE615A700AAE3F2 /* Build configuration list for PBXNativeTarget "MetalGameDevTests" */ = {
			isa = XCConfigurationList;
			buildConfigurations = (
				57270BD61AE615A700AAE3F2 /* Debug */,
				57270BD71AE615A700AAE3F2 /* Release */,
			);
			defaultConfigurationIsVisible = 0;
			defaultConfigurationName = Release;
		};
/* End XCConfigurationList section */
	};
	rootObject = 57270BAB1AE615A700AAE3F2 /* Project object */;
}
